{
  "name": "test",
  "version": "1.0.0",
  "lockfileVersion": 3,
  "requires": true,
  "packages": {
    "": {
      "name": "test",
      "version": "1.0.0",
      "license": "ISC",
      "dependencies": {
        "fig-style": "^0.0.2"
      }
    },
    "node_modules/fig-style": {
      "version": "0.0.2",
      "resolved": "https://registry.npmjs.org/fig-style/-/fig-style-0.0.2.tgz",
      "integrity": "sha512-wBL8X2mqC7+9xWh1w/zp6sdJe29D+JWKVvqg/mN7pqEQoSTYNi5VBy/2J4lSmzZGxaIubulT4TlHV2izVTibLA=="
    }
  }
}
