{
  "name": "test",
  "version": "1.0.0",
  "lockfileVersion": 3,
  "requires": true,
  "packages": {
    "": {
      "name": "test",
      "version": "1.0.0",
      "license": "ISC",
      "dependencies": {
        "fig-style": "^0.0.3"
      }
    },
    "node_modules/fig-style": {
      "version": "0.0.3",
      "resolved": "https://registry.npmjs.org/fig-style/-/fig-style-0.0.3.tgz",
      "integrity": "sha512-SK1GlXqOIVlUUdPoQ3WTWL7kYWm5xl9CYi1mAlBoQFckH7QNbby8Xs2i1Djlybg08+U2Z/msOevy4Im+iTMQag=="
    }
  }
}
